
Microsoft Visual Studio Solution File, Format Version 12.00
# Visual Studio Version 17
VisualStudioVersion = 17.13.35825.156
MinimumVisualStudioVersion = 10.0.40219.1
Project("{FAE04EC0-301F-11D3-BF4B-00C04F79EFBC}") = "Exercicio01", "Exercicio01\Exercicio01.csproj", "{931039FF-5B91-4DE0-B771-2F4A729D26C6}"
EndProject
Project("{FAE04EC0-301F-11D3-BF4B-00C04F79EFBC}") = "Exercicio02", "Exercicio02\Exercicio02.csproj", "{8B4843B7-FD65-4A7F-A2B1-0C0EC57D3479}"
EndProject
Project("{FAE04EC0-301F-11D3-BF4B-00C04F79EFBC}") = "Exercicio03", "Exercicio03\Exercicio03.csproj", "{BBA51096-D5E8-47C9-92E6-25D29BEED630}"
EndProject
Project("{FAE04EC0-301F-11D3-BF4B-00C04F79EFBC}") = "Exercicio04", "Exercicio04\Exercicio04.csproj", "{635B20C6-A82A-4ED5-906C-64AD2C454C97}"
EndProject
Project("{FAE04EC0-301F-11D3-BF4B-00C04F79EFBC}") = "Exercicio05", "Exercicio05\Exercicio05.csproj", "{FC373C86-C380-4FED-B582-9B0F4E85E645}"
EndProject
Project("{FAE04EC0-301F-11D3-BF4B-00C04F79EFBC}") = "Exercicio06", "Exercicio06\Exercicio06.csproj", "{5721CD25-1950-4E81-8D63-8C1E72EEC3C2}"
EndProject
Project("{FAE04EC0-301F-11D3-BF4B-00C04F79EFBC}") = "Exercicio07", "Exercicio07\Exercicio07.csproj", "{C082812B-5DA0-4EEB-B6E0-2B899C135949}"
EndProject
Project("{FAE04EC0-301F-11D3-BF4B-00C04F79EFBC}") = "Exercicio08", "Exercicio08\Exercicio08.csproj", "{CDEC8F8A-7C83-438E-BF14-4D16CCD628A9}"
EndProject
Project("{FAE04EC0-301F-11D3-BF4B-00C04F79EFBC}") = "Exercício09", "Exercício09\Exercício09.csproj", "{39C95772-E9D1-4BBD-97C7-D45065FC7179}"
EndProject
Project("{FAE04EC0-301F-11D3-BF4B-00C04F79EFBC}") = "Exercício10", "Exercício10\Exercício10.csproj", "{EC6B1D96-E4CA-4AC4-B79D-1F8A1BA6D15B}"
EndProject
Project("{FAE04EC0-301F-11D3-BF4B-00C04F79EFBC}") = "Exercício11", "Exercício11\Exercício11.csproj", "{ECA73FCA-7EA4-4276-A177-958E4C188DBD}"
EndProject
Project("{FAE04EC0-301F-11D3-BF4B-00C04F79EFBC}") = "Exercicio12", "Exercicio12\Exercicio12.csproj", "{B8066177-BF3A-4B08-8338-F680603AA133}"
EndProject
Global
	GlobalSection(SolutionConfigurationPlatforms) = preSolution
		Debug|Any CPU = Debug|Any CPU
		Release|Any CPU = Release|Any CPU
	EndGlobalSection
	GlobalSection(ProjectConfigurationPlatforms) = postSolution
		{931039FF-5B91-4DE0-B771-2F4A729D26C6}.Debug|Any CPU.ActiveCfg = Debug|Any CPU
		{931039FF-5B91-4DE0-B771-2F4A729D26C6}.Debug|Any CPU.Build.0 = Debug|Any CPU
		{931039FF-5B91-4DE0-B771-2F4A729D26C6}.Release|Any CPU.ActiveCfg = Release|Any CPU
		{931039FF-5B91-4DE0-B771-2F4A729D26C6}.Release|Any CPU.Build.0 = Release|Any CPU
		{8B4843B7-FD65-4A7F-A2B1-0C0EC57D3479}.Debug|Any CPU.ActiveCfg = Debug|Any CPU
		{8B4843B7-FD65-4A7F-A2B1-0C0EC57D3479}.Debug|Any CPU.Build.0 = Debug|Any CPU
		{8B4843B7-FD65-4A7F-A2B1-0C0EC57D3479}.Release|Any CPU.ActiveCfg = Release|Any CPU
		{8B4843B7-FD65-4A7F-A2B1-0C0EC57D3479}.Release|Any CPU.Build.0 = Release|Any CPU
		{BBA51096-D5E8-47C9-92E6-25D29BEED630}.Debug|Any CPU.ActiveCfg = Debug|Any CPU
		{BBA51096-D5E8-47C9-92E6-25D29BEED630}.Debug|Any CPU.Build.0 = Debug|Any CPU
		{BBA51096-D5E8-47C9-92E6-25D29BEED630}.Release|Any CPU.ActiveCfg = Release|Any CPU
		{BBA51096-D5E8-47C9-92E6-25D29BEED630}.Release|Any CPU.Build.0 = Release|Any CPU
		{635B20C6-A82A-4ED5-906C-64AD2C454C97}.Debug|Any CPU.ActiveCfg = Debug|Any CPU
		{635B20C6-A82A-4ED5-906C-64AD2C454C97}.Debug|Any CPU.Build.0 = Debug|Any CPU
		{635B20C6-A82A-4ED5-906C-64AD2C454C97}.Release|Any CPU.ActiveCfg = Release|Any CPU
		{635B20C6-A82A-4ED5-906C-64AD2C454C97}.Release|Any CPU.Build.0 = Release|Any CPU
		{FC373C86-C380-4FED-B582-9B0F4E85E645}.Debug|Any CPU.ActiveCfg = Debug|Any CPU
		{FC373C86-C380-4FED-B582-9B0F4E85E645}.Debug|Any CPU.Build.0 = Debug|Any CPU
		{FC373C86-C380-4FED-B582-9B0F4E85E645}.Release|Any CPU.ActiveCfg = Release|Any CPU
		{FC373C86-C380-4FED-B582-9B0F4E85E645}.Release|Any CPU.Build.0 = Release|Any CPU
		{5721CD25-1950-4E81-8D63-8C1E72EEC3C2}.Debug|Any CPU.ActiveCfg = Debug|Any CPU
		{5721CD25-1950-4E81-8D63-8C1E72EEC3C2}.Debug|Any CPU.Build.0 = Debug|Any CPU
		{5721CD25-1950-4E81-8D63-8C1E72EEC3C2}.Release|Any CPU.ActiveCfg = Release|Any CPU
		{5721CD25-1950-4E81-8D63-8C1E72EEC3C2}.Release|Any CPU.Build.0 = Release|Any CPU
		{C082812B-5DA0-4EEB-B6E0-2B899C135949}.Debug|Any CPU.ActiveCfg = Debug|Any CPU
		{C082812B-5DA0-4EEB-B6E0-2B899C135949}.Debug|Any CPU.Build.0 = Debug|Any CPU
		{C082812B-5DA0-4EEB-B6E0-2B899C135949}.Release|Any CPU.ActiveCfg = Release|Any CPU
		{C082812B-5DA0-4EEB-B6E0-2B899C135949}.Release|Any CPU.Build.0 = Release|Any CPU
		{CDEC8F8A-7C83-438E-BF14-4D16CCD628A9}.Debug|Any CPU.ActiveCfg = Debug|Any CPU
		{CDEC8F8A-7C83-438E-BF14-4D16CCD628A9}.Debug|Any CPU.Build.0 = Debug|Any CPU
		{CDEC8F8A-7C83-438E-BF14-4D16CCD628A9}.Release|Any CPU.ActiveCfg = Release|Any CPU
		{CDEC8F8A-7C83-438E-BF14-4D16CCD628A9}.Release|Any CPU.Build.0 = Release|Any CPU
		{39C95772-E9D1-4BBD-97C7-D45065FC7179}.Debug|Any CPU.ActiveCfg = Debug|Any CPU
		{39C95772-E9D1-4BBD-97C7-D45065FC7179}.Debug|Any CPU.Build.0 = Debug|Any CPU
		{39C95772-E9D1-4BBD-97C7-D45065FC7179}.Release|Any CPU.ActiveCfg = Release|Any CPU
		{39C95772-E9D1-4BBD-97C7-D45065FC7179}.Release|Any CPU.Build.0 = Release|Any CPU
		{EC6B1D96-E4CA-4AC4-B79D-1F8A1BA6D15B}.Debug|Any CPU.ActiveCfg = Debug|Any CPU
		{EC6B1D96-E4CA-4AC4-B79D-1F8A1BA6D15B}.Debug|Any CPU.Build.0 = Debug|Any CPU
		{EC6B1D96-E4CA-4AC4-B79D-1F8A1BA6D15B}.Release|Any CPU.ActiveCfg = Release|Any CPU
		{EC6B1D96-E4CA-4AC4-B79D-1F8A1BA6D15B}.Release|Any CPU.Build.0 = Release|Any CPU
		{ECA73FCA-7EA4-4276-A177-958E4C188DBD}.Debug|Any CPU.ActiveCfg = Debug|Any CPU
		{ECA73FCA-7EA4-4276-A177-958E4C188DBD}.Debug|Any CPU.Build.0 = Debug|Any CPU
		{ECA73FCA-7EA4-4276-A177-958E4C188DBD}.Release|Any CPU.ActiveCfg = Release|Any CPU
		{ECA73FCA-7EA4-4276-A177-958E4C188DBD}.Release|Any CPU.Build.0 = Release|Any CPU
		{B8066177-BF3A-4B08-8338-F680603AA133}.Debug|Any CPU.ActiveCfg = Debug|Any CPU
		{B8066177-BF3A-4B08-8338-F680603AA133}.Debug|Any CPU.Build.0 = Debug|Any CPU
		{B8066177-BF3A-4B08-8338-F680603AA133}.Release|Any CPU.ActiveCfg = Release|Any CPU
		{B8066177-BF3A-4B08-8338-F680603AA133}.Release|Any CPU.Build.0 = Release|Any CPU
	EndGlobalSection
	GlobalSection(SolutionProperties) = preSolution
		HideSolutionNode = FALSE
	EndGlobalSection
	GlobalSection(ExtensibilityGlobals) = postSolution
		SolutionGuid = {29AFB7EF-4217-44D6-BBC2-8B690E3F3966}
	EndGlobalSection
EndGlobal
