
Microsoft Visual Studio Solution File, Format Version 12.00
# Visual Studio Version 17
VisualStudioVersion = 17.13.35825.156 d17.13
MinimumVisualStudioVersion = 10.0.40219.1
Project("{FAE04EC0-301F-11D3-BF4B-00C04F79EFBC}") = "Exercicio01", "Exercicio01\Exercicio01.csproj", "{931039FF-5B91-4DE0-B771-2F4A729D26C6}"
EndProject
Project("{FAE04EC0-301F-11D3-BF4B-00C04F79EFBC}") = "Exercicio02", "Exercicio02\Exercicio02.csproj", "{8B4843B7-FD65-4A7F-A2B1-0C0EC57D3479}"
EndProject
Project("{FAE04EC0-301F-11D3-BF4B-00C04F79EFBC}") = "Exercicio03", "Exercicio03\Exercicio03.csproj", "{BBA51096-D5E8-47C9-92E6-25D29BEED630}"
EndProject
Project("{FAE04EC0-301F-11D3-BF4B-00C04F79EFBC}") = "Exercicio04", "Exercicio04\Exercicio04.csproj", "{635B20C6-A82A-4ED5-906C-64AD2C454C97}"
EndProject
Project("{FAE04EC0-301F-11D3-BF4B-00C04F79EFBC}") = "Exercicio05", "Exercicio05\Exercicio05.csproj", "{FC373C86-C380-4FED-B582-9B0F4E85E645}"
EndProject
Global
	GlobalSection(SolutionConfigurationPlatforms) = preSolution
		Debug|Any CPU = Debug|Any CPU
		Release|Any CPU = Release|Any CPU
	EndGlobalSection
	GlobalSection(ProjectConfigurationPlatforms) = postSolution
		{931039FF-5B91-4DE0-B771-2F4A729D26C6}.Debug|Any CPU.ActiveCfg = Debug|Any CPU
		{931039FF-5B91-4DE0-B771-2F4A729D26C6}.Debug|Any CPU.Build.0 = Debug|Any CPU
		{931039FF-5B91-4DE0-B771-2F4A729D26C6}.Release|Any CPU.ActiveCfg = Release|Any CPU
		{931039FF-5B91-4DE0-B771-2F4A729D26C6}.Release|Any CPU.Build.0 = Release|Any CPU
		{8B4843B7-FD65-4A7F-A2B1-0C0EC57D3479}.Debug|Any CPU.ActiveCfg = Debug|Any CPU
		{8B4843B7-FD65-4A7F-A2B1-0C0EC57D3479}.Debug|Any CPU.Build.0 = Debug|Any CPU
		{8B4843B7-FD65-4A7F-A2B1-0C0EC57D3479}.Release|Any CPU.ActiveCfg = Release|Any CPU
		{8B4843B7-FD65-4A7F-A2B1-0C0EC57D3479}.Release|Any CPU.Build.0 = Release|Any CPU
		{BBA51096-D5E8-47C9-92E6-25D29BEED630}.Debug|Any CPU.ActiveCfg = Debug|Any CPU
		{BBA51096-D5E8-47C9-92E6-25D29BEED630}.Debug|Any CPU.Build.0 = Debug|Any CPU
		{BBA51096-D5E8-47C9-92E6-25D29BEED630}.Release|Any CPU.ActiveCfg = Release|Any CPU
		{BBA51096-D5E8-47C9-92E6-25D29BEED630}.Release|Any CPU.Build.0 = Release|Any CPU
		{635B20C6-A82A-4ED5-906C-64AD2C454C97}.Debug|Any CPU.ActiveCfg = Debug|Any CPU
		{635B20C6-A82A-4ED5-906C-64AD2C454C97}.Debug|Any CPU.Build.0 = Debug|Any CPU
		{635B20C6-A82A-4ED5-906C-64AD2C454C97}.Release|Any CPU.ActiveCfg = Release|Any CPU
		{635B20C6-A82A-4ED5-906C-64AD2C454C97}.Release|Any CPU.Build.0 = Release|Any CPU
		{FC373C86-C380-4FED-B582-9B0F4E85E645}.Debug|Any CPU.ActiveCfg = Debug|Any CPU
		{FC373C86-C380-4FED-B582-9B0F4E85E645}.Debug|Any CPU.Build.0 = Debug|Any CPU
		{FC373C86-C380-4FED-B582-9B0F4E85E645}.Release|Any CPU.ActiveCfg = Release|Any CPU
		{FC373C86-C380-4FED-B582-9B0F4E85E645}.Release|Any CPU.Build.0 = Release|Any CPU
	EndGlobalSection
	GlobalSection(SolutionProperties) = preSolution
		HideSolutionNode = FALSE
	EndGlobalSection
	GlobalSection(ExtensibilityGlobals) = postSolution
		SolutionGuid = {29AFB7EF-4217-44D6-BBC2-8B690E3F3966}
	EndGlobalSection
EndGlobal
